
Microsoft Visual Studio Solution File, Format Version 12.00
# Visual Studio Version 16
VisualStudioVersion = 16.0.29503.13
MinimumVisualStudioVersion = 10.0.40219.1
Project("{FAE04EC0-301F-11D3-BF4B-00C04F79EFBC}") = "TEST8", "TEST8\TEST8.csproj", "{41C9CF1F-AA68-4518-9DB9-5CF8C93DA649}"
EndProject
Global
	GlobalSection(SolutionConfigurationPlatforms) = preSolution
		Debug|Any CPU = Debug|Any CPU
		Release|Any CPU = Release|Any CPU
	EndGlobalSection
	GlobalSection(ProjectConfigurationPlatforms) = postSolution
		{41C9CF1F-AA68-4518-9DB9-5CF8C93DA649}.Debug|Any CPU.ActiveCfg = Debug|Any CPU
		{41C9CF1F-AA68-4518-9DB9-5CF8C93DA649}.Debug|Any CPU.Build.0 = Debug|Any CPU
		{41C9CF1F-AA68-4518-9DB9-5CF8C93DA649}.Debug|Any CPU.Deploy.0 = Debug|Any CPU
		{41C9CF1F-AA68-4518-9DB9-5CF8C93DA649}.Release|Any CPU.ActiveCfg = Release|Any CPU
		{41C9CF1F-AA68-4518-9DB9-5CF8C93DA649}.Release|Any CPU.Build.0 = Release|Any CPU
		{41C9CF1F-AA68-4518-9DB9-5CF8C93DA649}.Release|Any CPU.Deploy.0 = Release|Any CPU
	EndGlobalSection
	GlobalSection(SolutionProperties) = preSolution
		HideSolutionNode = FALSE
	EndGlobalSection
	GlobalSection(ExtensibilityGlobals) = postSolution
		SolutionGuid = {D670F515-0B82-4705-8061-4270137ABC4E}
	EndGlobalSection
EndGlobal
